
Microsoft Visual Studio Solution File, Format Version 12.00
# Visual Studio Version 16
VisualStudioVersion = 16.0.30225.117
MinimumVisualStudioVersion = 10.0.40219.1
Project("{FAE04EC0-301F-11D3-BF4B-00C04F79EFBC}") = "AllocationMaster", "AllocationMaster\AllocationMaster.csproj", "{0F5698B9-DC42-4A2B-A18F-994A73CD5917}"
EndProject
Global
	GlobalSection(SolutionConfigurationPlatforms) = preSolution
		Debug|Any CPU = Debug|Any CPU
		Release|Any CPU = Release|Any CPU
	EndGlobalSection
	GlobalSection(ProjectConfigurationPlatforms) = postSolution
		{0F5698B9-DC42-4A2B-A18F-994A73CD5917}.Debug|Any CPU.ActiveCfg = Debug|Any CPU
		{0F5698B9-DC42-4A2B-A18F-994A73CD5917}.Debug|Any CPU.Build.0 = Debug|Any CPU
		{0F5698B9-DC42-4A2B-A18F-994A73CD5917}.Release|Any CPU.ActiveCfg = Release|Any CPU
		{0F5698B9-DC42-4A2B-A18F-994A73CD5917}.Release|Any CPU.Build.0 = Release|Any CPU
	EndGlobalSection
	GlobalSection(SolutionProperties) = preSolution
		HideSolutionNode = FALSE
	EndGlobalSection
	GlobalSection(ExtensibilityGlobals) = postSolution
		SolutionGuid = {1E49538B-C8C7-4D1D-99FD-BD05D78E2FA8}
	EndGlobalSection
EndGlobal
